
Microsoft Visual Studio Solution File, Format Version 12.00
# Visual Studio Version 16
VisualStudioVersion = 16.0.31005.135
MinimumVisualStudioVersion = 10.0.40219.1
Project("{FAE04EC0-301F-11D3-BF4B-00C04F79EFBC}") = "CSharp_fundamentals", "CSharp_fundamentals\CSharp_fundamentals.csproj", "{11D1D85F-2ECE-44EA-83BE-EB1B963434C1}"
EndProject
Global
	GlobalSection(SolutionConfigurationPlatforms) = preSolution
		Debug|Any CPU = Debug|Any CPU
		Release|Any CPU = Release|Any CPU
	EndGlobalSection
	GlobalSection(ProjectConfigurationPlatforms) = postSolution
		{11D1D85F-2ECE-44EA-83BE-EB1B963434C1}.Debug|Any CPU.ActiveCfg = Debug|Any CPU
		{11D1D85F-2ECE-44EA-83BE-EB1B963434C1}.Debug|Any CPU.Build.0 = Debug|Any CPU
		{11D1D85F-2ECE-44EA-83BE-EB1B963434C1}.Release|Any CPU.ActiveCfg = Release|Any CPU
		{11D1D85F-2ECE-44EA-83BE-EB1B963434C1}.Release|Any CPU.Build.0 = Release|Any CPU
	EndGlobalSection
	GlobalSection(SolutionProperties) = preSolution
		HideSolutionNode = FALSE
	EndGlobalSection
	GlobalSection(ExtensibilityGlobals) = postSolution
		SolutionGuid = {5C25D385-D406-4603-857A-84B670EE0B72}
	EndGlobalSection
EndGlobal
